
Microsoft Visual Studio Solution File, Format Version 12.00
# Visual Studio Version 16
VisualStudioVersion = 16.0.33027.164
MinimumVisualStudioVersion = 10.0.40219.1
Project("{FAE04EC0-301F-11D3-BF4B-00C04F79EFBC}") = "4.28", "4.28.csproj", "{B6220743-FF1F-4786-B1AC-33871113E701}"
EndProject
Global
	GlobalSection(SolutionConfigurationPlatforms) = preSolution
		Debug|Any CPU = Debug|Any CPU
		Release|Any CPU = Release|Any CPU
	EndGlobalSection
	GlobalSection(ProjectConfigurationPlatforms) = postSolution
		{B6220743-FF1F-4786-B1AC-33871113E701}.Debug|Any CPU.ActiveCfg = Debug|Any CPU
		{B6220743-FF1F-4786-B1AC-33871113E701}.Debug|Any CPU.Build.0 = Debug|Any CPU
		{B6220743-FF1F-4786-B1AC-33871113E701}.Release|Any CPU.ActiveCfg = Release|Any CPU
		{B6220743-FF1F-4786-B1AC-33871113E701}.Release|Any CPU.Build.0 = Release|Any CPU
	EndGlobalSection
	GlobalSection(SolutionProperties) = preSolution
		HideSolutionNode = FALSE
	EndGlobalSection
	GlobalSection(ExtensibilityGlobals) = postSolution
		SolutionGuid = {F71EC088-DB02-4D2C-9464-03BBC239886C}
	EndGlobalSection
EndGlobal
